
Microsoft Visual Studio Solution File, Format Version 12.00
# Visual Studio 14
VisualStudioVersion = 14.0.25420.1
MinimumVisualStudioVersion = 10.0.40219.1
Project("{8BC9CEB8-8B4A-11D0-8D11-00A0C91BC942}") = "matrix_multiplication", "matrix_multiplication\matrix_multiplication.vcxproj", "{81EFC554-AB06-4B75-89F4-4E79A3F6668F}"
EndProject
Project("{8BC9CEB8-8B4A-11D0-8D11-00A0C91BC942}") = "matrix_multiplication_threads", "matrix_multiplication_threads\matrix_multiplication_threads.vcxproj", "{CE07366F-6917-4AFA-A532-5617B5132F2E}"
EndProject
Project("{8BC9CEB8-8B4A-11D0-8D11-00A0C91BC942}") = "MPI", "MPI\MPI.vcxproj", "{7894C1D6-FB44-4455-B66A-E6230364CF95}"
EndProject
Project("{8BC9CEB8-8B4A-11D0-8D11-00A0C91BC942}") = "MPI2", "MPI2\MPI2.vcxproj", "{4A9909EE-5BBE-4052-BE68-D94D86D8FC8B}"
EndProject
Project("{8BC9CEB8-8B4A-11D0-8D11-00A0C91BC942}") = "MPI3", "MPI3\MPI3.vcxproj", "{EBA5CDD1-1754-4771-947B-94F08DD9BBE6}"
EndProject
Project("{8BC9CEB8-8B4A-11D0-8D11-00A0C91BC942}") = "MPIexe1", "MPIexe1\MPIexe1.vcxproj", "{4C5DBE35-273A-4647-986A-E7CC532E1EDD}"
EndProject
Project("{8BC9CEB8-8B4A-11D0-8D11-00A0C91BC942}") = "Roy_Floyd", "Roy_Floyd\Roy_Floyd.vcxproj", "{957116A3-0EE6-4A0E-A720-1FB8732C8EB9}"
EndProject
Global
	GlobalSection(SolutionConfigurationPlatforms) = preSolution
		Debug|Any CPU = Debug|Any CPU
		Debug|x64 = Debug|x64
		Debug|x86 = Debug|x86
		Release|Any CPU = Release|Any CPU
		Release|x64 = Release|x64
		Release|x86 = Release|x86
	EndGlobalSection
	GlobalSection(ProjectConfigurationPlatforms) = postSolution
		{81EFC554-AB06-4B75-89F4-4E79A3F6668F}.Debug|Any CPU.ActiveCfg = Debug|Win32
		{81EFC554-AB06-4B75-89F4-4E79A3F6668F}.Debug|x64.ActiveCfg = Debug|x64
		{81EFC554-AB06-4B75-89F4-4E79A3F6668F}.Debug|x64.Build.0 = Debug|x64
		{81EFC554-AB06-4B75-89F4-4E79A3F6668F}.Debug|x86.ActiveCfg = Debug|Win32
		{81EFC554-AB06-4B75-89F4-4E79A3F6668F}.Debug|x86.Build.0 = Debug|Win32
		{81EFC554-AB06-4B75-89F4-4E79A3F6668F}.Release|Any CPU.ActiveCfg = Release|Win32
		{81EFC554-AB06-4B75-89F4-4E79A3F6668F}.Release|x64.ActiveCfg = Release|x64
		{81EFC554-AB06-4B75-89F4-4E79A3F6668F}.Release|x64.Build.0 = Release|x64
		{81EFC554-AB06-4B75-89F4-4E79A3F6668F}.Release|x86.ActiveCfg = Release|Win32
		{81EFC554-AB06-4B75-89F4-4E79A3F6668F}.Release|x86.Build.0 = Release|Win32
		{CE07366F-6917-4AFA-A532-5617B5132F2E}.Debug|Any CPU.ActiveCfg = Debug|Win32
		{CE07366F-6917-4AFA-A532-5617B5132F2E}.Debug|x64.ActiveCfg = Debug|x64
		{CE07366F-6917-4AFA-A532-5617B5132F2E}.Debug|x64.Build.0 = Debug|x64
		{CE07366F-6917-4AFA-A532-5617B5132F2E}.Debug|x86.ActiveCfg = Debug|Win32
		{CE07366F-6917-4AFA-A532-5617B5132F2E}.Debug|x86.Build.0 = Debug|Win32
		{CE07366F-6917-4AFA-A532-5617B5132F2E}.Release|Any CPU.ActiveCfg = Release|Win32
		{CE07366F-6917-4AFA-A532-5617B5132F2E}.Release|x64.ActiveCfg = Release|x64
		{CE07366F-6917-4AFA-A532-5617B5132F2E}.Release|x64.Build.0 = Release|x64
		{CE07366F-6917-4AFA-A532-5617B5132F2E}.Release|x86.ActiveCfg = Release|Win32
		{CE07366F-6917-4AFA-A532-5617B5132F2E}.Release|x86.Build.0 = Release|Win32
		{7894C1D6-FB44-4455-B66A-E6230364CF95}.Debug|Any CPU.ActiveCfg = Debug|Win32
		{7894C1D6-FB44-4455-B66A-E6230364CF95}.Debug|x64.ActiveCfg = Debug|x64
		{7894C1D6-FB44-4455-B66A-E6230364CF95}.Debug|x64.Build.0 = Debug|x64
		{7894C1D6-FB44-4455-B66A-E6230364CF95}.Debug|x86.ActiveCfg = Debug|Win32
		{7894C1D6-FB44-4455-B66A-E6230364CF95}.Debug|x86.Build.0 = Debug|Win32
		{7894C1D6-FB44-4455-B66A-E6230364CF95}.Release|Any CPU.ActiveCfg = Release|Win32
		{7894C1D6-FB44-4455-B66A-E6230364CF95}.Release|x64.ActiveCfg = Release|x64
		{7894C1D6-FB44-4455-B66A-E6230364CF95}.Release|x64.Build.0 = Release|x64
		{7894C1D6-FB44-4455-B66A-E6230364CF95}.Release|x86.ActiveCfg = Release|Win32
		{7894C1D6-FB44-4455-B66A-E6230364CF95}.Release|x86.Build.0 = Release|Win32
		{4A9909EE-5BBE-4052-BE68-D94D86D8FC8B}.Debug|Any CPU.ActiveCfg = Debug|Win32
		{4A9909EE-5BBE-4052-BE68-D94D86D8FC8B}.Debug|x64.ActiveCfg = Debug|x64
		{4A9909EE-5BBE-4052-BE68-D94D86D8FC8B}.Debug|x64.Build.0 = Debug|x64
		{4A9909EE-5BBE-4052-BE68-D94D86D8FC8B}.Debug|x86.ActiveCfg = Debug|Win32
		{4A9909EE-5BBE-4052-BE68-D94D86D8FC8B}.Debug|x86.Build.0 = Debug|Win32
		{4A9909EE-5BBE-4052-BE68-D94D86D8FC8B}.Release|Any CPU.ActiveCfg = Release|Win32
		{4A9909EE-5BBE-4052-BE68-D94D86D8FC8B}.Release|x64.ActiveCfg = Release|x64
		{4A9909EE-5BBE-4052-BE68-D94D86D8FC8B}.Release|x64.Build.0 = Release|x64
		{4A9909EE-5BBE-4052-BE68-D94D86D8FC8B}.Release|x86.ActiveCfg = Release|Win32
		{4A9909EE-5BBE-4052-BE68-D94D86D8FC8B}.Release|x86.Build.0 = Release|Win32
		{EBA5CDD1-1754-4771-947B-94F08DD9BBE6}.Debug|Any CPU.ActiveCfg = Debug|Win32
		{EBA5CDD1-1754-4771-947B-94F08DD9BBE6}.Debug|x64.ActiveCfg = Debug|x64
		{EBA5CDD1-1754-4771-947B-94F08DD9BBE6}.Debug|x64.Build.0 = Debug|x64
		{EBA5CDD1-1754-4771-947B-94F08DD9BBE6}.Debug|x86.ActiveCfg = Debug|Win32
		{EBA5CDD1-1754-4771-947B-94F08DD9BBE6}.Debug|x86.Build.0 = Debug|Win32
		{EBA5CDD1-1754-4771-947B-94F08DD9BBE6}.Release|Any CPU.ActiveCfg = Release|Win32
		{EBA5CDD1-1754-4771-947B-94F08DD9BBE6}.Release|x64.ActiveCfg = Release|x64
		{EBA5CDD1-1754-4771-947B-94F08DD9BBE6}.Release|x64.Build.0 = Release|x64
		{EBA5CDD1-1754-4771-947B-94F08DD9BBE6}.Release|x86.ActiveCfg = Release|Win32
		{EBA5CDD1-1754-4771-947B-94F08DD9BBE6}.Release|x86.Build.0 = Release|Win32
		{4C5DBE35-273A-4647-986A-E7CC532E1EDD}.Debug|Any CPU.ActiveCfg = Debug|Win32
		{4C5DBE35-273A-4647-986A-E7CC532E1EDD}.Debug|x64.ActiveCfg = Debug|x64
		{4C5DBE35-273A-4647-986A-E7CC532E1EDD}.Debug|x64.Build.0 = Debug|x64
		{4C5DBE35-273A-4647-986A-E7CC532E1EDD}.Debug|x86.ActiveCfg = Debug|Win32
		{4C5DBE35-273A-4647-986A-E7CC532E1EDD}.Debug|x86.Build.0 = Debug|Win32
		{4C5DBE35-273A-4647-986A-E7CC532E1EDD}.Release|Any CPU.ActiveCfg = Release|Win32
		{4C5DBE35-273A-4647-986A-E7CC532E1EDD}.Release|x64.ActiveCfg = Release|x64
		{4C5DBE35-273A-4647-986A-E7CC532E1EDD}.Release|x64.Build.0 = Release|x64
		{4C5DBE35-273A-4647-986A-E7CC532E1EDD}.Release|x86.ActiveCfg = Release|Win32
		{4C5DBE35-273A-4647-986A-E7CC532E1EDD}.Release|x86.Build.0 = Release|Win32
		{957116A3-0EE6-4A0E-A720-1FB8732C8EB9}.Debug|Any CPU.ActiveCfg = Debug|Win32
		{957116A3-0EE6-4A0E-A720-1FB8732C8EB9}.Debug|x64.ActiveCfg = Debug|x64
		{957116A3-0EE6-4A0E-A720-1FB8732C8EB9}.Debug|x64.Build.0 = Debug|x64
		{957116A3-0EE6-4A0E-A720-1FB8732C8EB9}.Debug|x86.ActiveCfg = Debug|Win32
		{957116A3-0EE6-4A0E-A720-1FB8732C8EB9}.Debug|x86.Build.0 = Debug|Win32
		{957116A3-0EE6-4A0E-A720-1FB8732C8EB9}.Release|Any CPU.ActiveCfg = Release|Win32
		{957116A3-0EE6-4A0E-A720-1FB8732C8EB9}.Release|x64.ActiveCfg = Release|x64
		{957116A3-0EE6-4A0E-A720-1FB8732C8EB9}.Release|x64.Build.0 = Release|x64
		{957116A3-0EE6-4A0E-A720-1FB8732C8EB9}.Release|x86.ActiveCfg = Release|Win32
		{957116A3-0EE6-4A0E-A720-1FB8732C8EB9}.Release|x86.Build.0 = Release|Win32
	EndGlobalSection
	GlobalSection(SolutionProperties) = preSolution
		HideSolutionNode = FALSE
	EndGlobalSection
EndGlobal
