
Microsoft Visual Studio Solution File, Format Version 12.00
# Visual Studio 14
VisualStudioVersion = 14.0.25420.1
MinimumVisualStudioVersion = 10.0.40219.1
Project("{8BC9CEB8-8B4A-11D0-8D11-00A0C91BC942}") = "matrix_multiplication", "matrix_multiplication\matrix_multiplication.vcxproj", "{81EFC554-AB06-4B75-89F4-4E79A3F6668F}"
EndProject
Project("{8BC9CEB8-8B4A-11D0-8D11-00A0C91BC942}") = "matrix_multiplication_threads", "matrix_multiplication_threads\matrix_multiplication_threads.vcxproj", "{CE07366F-6917-4AFA-A532-5617B5132F2E}"
EndProject
Global
	GlobalSection(SolutionConfigurationPlatforms) = preSolution
		Debug|x64 = Debug|x64
		Debug|x86 = Debug|x86
		Release|x64 = Release|x64
		Release|x86 = Release|x86
	EndGlobalSection
	GlobalSection(ProjectConfigurationPlatforms) = postSolution
		{81EFC554-AB06-4B75-89F4-4E79A3F6668F}.Debug|x64.ActiveCfg = Debug|x64
		{81EFC554-AB06-4B75-89F4-4E79A3F6668F}.Debug|x64.Build.0 = Debug|x64
		{81EFC554-AB06-4B75-89F4-4E79A3F6668F}.Debug|x86.ActiveCfg = Debug|Win32
		{81EFC554-AB06-4B75-89F4-4E79A3F6668F}.Debug|x86.Build.0 = Debug|Win32
		{81EFC554-AB06-4B75-89F4-4E79A3F6668F}.Release|x64.ActiveCfg = Release|x64
		{81EFC554-AB06-4B75-89F4-4E79A3F6668F}.Release|x64.Build.0 = Release|x64
		{81EFC554-AB06-4B75-89F4-4E79A3F6668F}.Release|x86.ActiveCfg = Release|Win32
		{81EFC554-AB06-4B75-89F4-4E79A3F6668F}.Release|x86.Build.0 = Release|Win32
		{CE07366F-6917-4AFA-A532-5617B5132F2E}.Debug|x64.ActiveCfg = Debug|x64
		{CE07366F-6917-4AFA-A532-5617B5132F2E}.Debug|x64.Build.0 = Debug|x64
		{CE07366F-6917-4AFA-A532-5617B5132F2E}.Debug|x86.ActiveCfg = Debug|Win32
		{CE07366F-6917-4AFA-A532-5617B5132F2E}.Debug|x86.Build.0 = Debug|Win32
		{CE07366F-6917-4AFA-A532-5617B5132F2E}.Release|x64.ActiveCfg = Release|x64
		{CE07366F-6917-4AFA-A532-5617B5132F2E}.Release|x64.Build.0 = Release|x64
		{CE07366F-6917-4AFA-A532-5617B5132F2E}.Release|x86.ActiveCfg = Release|Win32
		{CE07366F-6917-4AFA-A532-5617B5132F2E}.Release|x86.Build.0 = Release|Win32
	EndGlobalSection
	GlobalSection(SolutionProperties) = preSolution
		HideSolutionNode = FALSE
	EndGlobalSection
EndGlobal
